<?xml version="1.0" encoding="utf-8"?>
<Project ToolsVersion="4.0" xmlns="http://schemas.microsoft.com/developer/msbuild/2003">
  <ItemGroup>
    <Filter Include="Source Files">
      <UniqueIdentifier>{4FC737F1-C7A5-4376-A066-2A32D752A2FF}</UniqueIdentifier>
      <Extensions>cpp;c;cc;cxx;def;odl;idl;hpj;bat;asm;asmx</Extensions>
    </Filter>
    <Filter Include="Header Files">
      <UniqueIdentifier>{93995380-89BD-4b04-88EB-625FBE52EBFB}</UniqueIdentifier>
      <Extensions>h;hpp;hxx;hm;inl;inc;xsd</Extensions>
    </Filter>
    <Filter Include="Resource Files">
      <UniqueIdentifier>{67DA6AB6-F800-4c08-8B7A-83BB121AAD01}</UniqueIdentifier>
      <Extensions>rc;ico;cur;bmp;dlg;rc2;rct;bin;rgs;gif;jpg;jpeg;jpe;resx;tiff;tif;png;wav;mfcribbon-ms</Extensions>
    </Filter>
    <Filter Include="tolua++ Package Files">
      <UniqueIdentifier>{0f05419a-70d9-4628-9a48-270e8842b3d4}</UniqueIdentifier>
    </Filter>
    <Filter Include="Source Files\Application">
      <UniqueIdentifier>{31c04b9e-c07d-4bd8-a096-03eb8dde2c7c}</UniqueIdentifier>
    </Filter>
    <Filter Include="Source Files\Resources">
      <UniqueIdentifier>{8e12766f-06b1-4deb-a2cd-0e877aecee3b}</UniqueIdentifier>
    </Filter>
    <Filter Include="Source Files\Lua">
      <UniqueIdentifier>{d284fd41-db8e-4b4e-bd36-cfbd859ebdf4}</UniqueIdentifier>
    </Filter>
    <Filter Include="Source Files\Graphics">
      <UniqueIdentifier>{d4a2a2eb-7e57-41ce-8e57-4b3f4d0776d8}</UniqueIdentifier>
    </Filter>
    <Filter Include="Source Files\Common">
      <UniqueIdentifier>{87d8c593-16f2-450d-a5b5-2acbc888673c}</UniqueIdentifier>
    </Filter>
    <Filter Include="Source Files\Input">
      <UniqueIdentifier>{2eabb439-d7ac-4396-8899-7b1dcda1c7b5}</UniqueIdentifier>
    </Filter>
    <Filter Include="Source Files\Balance">
      <UniqueIdentifier>{2f3320d8-206a-4d93-ac89-cb5a538af727}</UniqueIdentifier>
    </Filter>
    <Filter Include="Source Files\Sound">
      <UniqueIdentifier>{fd7f46e0-2ae3-47a9-937f-984b8994df09}</UniqueIdentifier>
    </Filter>
    <Filter Include="Source Files\Profile">
      <UniqueIdentifier>{5f116841-3366-4d74-876e-4ad6b22eca87}</UniqueIdentifier>
    </Filter>
  </ItemGroup>
  <ItemGroup>
    <ClCompile Include="src\Application.cpp">
      <Filter>Source Files\Application</Filter>
    </ClCompile>
    <ClCompile Include="src\Program.cpp">
      <Filter>Source Files\Application</Filter>
    </ClCompile>
    <ClCompile Include="src\LuaModule.cpp">
      <Filter>Source Files\Application</Filter>
    </ClCompile>
    <ClCompile Include="src\FontResource.cpp">
      <Filter>Source Files\Resources</Filter>
    </ClCompile>
    <ClCompile Include="src\SpriteResource.cpp">
      <Filter>Source Files\Resources</Filter>
    </ClCompile>
    <ClCompile Include="src\ResourceManager.cpp">
      <Filter>Source Files\Resources</Filter>
    </ClCompile>
    <ClCompile Include="src\LuaBindings.cpp">
      <Filter>Source Files\Lua</Filter>
    </ClCompile>
    <ClCompile Include="src\Graphics.cpp">
      <Filter>Source Files\Graphics</Filter>
    </ClCompile>
    <ClCompile Include="src\Sprite.cpp">
      <Filter>Source Files\Graphics</Filter>
    </ClCompile>
    <ClCompile Include="src\Precompiled.cpp">
      <Filter>Source Files\Common</Filter>
    </ClCompile>
    <ClCompile Include="src\LuaScript.cpp">
      <Filter>Source Files\Lua</Filter>
    </ClCompile>
    <ClCompile Include="src\ResourceQueue.cpp">
      <Filter>Source Files\Resources</Filter>
    </ClCompile>
    <ClCompile Include="src\Mouse.cpp">
      <Filter>Source Files\Input</Filter>
    </ClCompile>
    <ClCompile Include="src\Keyboard.cpp">
      <Filter>Source Files\Input</Filter>
    </ClCompile>
    <ClCompile Include="src\Balance.cpp">
      <Filter>Source Files\Balance</Filter>
    </ClCompile>
    <ClCompile Include="src\Font.cpp">
      <Filter>Source Files\Graphics</Filter>
    </ClCompile>
    <ClCompile Include="src\SoundResource.cpp">
      <Filter>Source Files\Resources</Filter>
    </ClCompile>
    <ClCompile Include="src\Sound.cpp">
      <Filter>Source Files\Sound</Filter>
    </ClCompile>
    <ClCompile Include="src\Profile.cpp">
      <Filter>Source Files\Profile</Filter>
    </ClCompile>
    <ClCompile Include="src\Database.cpp">
      <Filter>Source Files\Balance</Filter>
    </ClCompile>
  </ItemGroup>
  <ItemGroup>
    <ClInclude Include="src\Application.h">
      <Filter>Source Files\Application</Filter>
    </ClInclude>
    <ClInclude Include="src\Program.h">
      <Filter>Source Files\Application</Filter>
    </ClInclude>
    <ClInclude Include="src\LuaModule.h">
      <Filter>Source Files\Application</Filter>
    </ClInclude>
    <ClInclude Include="src\SpriteResource.h">
      <Filter>Source Files\Resources</Filter>
    </ClInclude>
    <ClInclude Include="src\FontResource.h">
      <Filter>Source Files\Resources</Filter>
    </ClInclude>
    <ClInclude Include="src\ResourceManager.h">
      <Filter>Source Files\Resources</Filter>
    </ClInclude>
    <ClInclude Include="src\Graphics.h">
      <Filter>Source Files\Graphics</Filter>
    </ClInclude>
    <ClInclude Include="src\Sprite.h">
      <Filter>Source Files\Graphics</Filter>
    </ClInclude>
    <ClInclude Include="src\Resource.h">
      <Filter>Source Files\Resources</Filter>
    </ClInclude>
    <ClInclude Include="src\Exception.h">
      <Filter>Source Files\Common</Filter>
    </ClInclude>
    <ClInclude Include="src\GameAssert.h">
      <Filter>Source Files\Common</Filter>
    </ClInclude>
    <ClInclude Include="src\Precompiled.h">
      <Filter>Source Files\Common</Filter>
    </ClInclude>
    <ClInclude Include="src\Singleton.h">
      <Filter>Source Files\Common</Filter>
    </ClInclude>
    <ClInclude Include="src\LuaScript.h">
      <Filter>Source Files\Lua</Filter>
    </ClInclude>
    <ClInclude Include="src\ResourceQueue.h">
      <Filter>Source Files\Resources</Filter>
    </ClInclude>
    <ClInclude Include="src\Mouse.h">
      <Filter>Source Files\Input</Filter>
    </ClInclude>
    <ClInclude Include="src\Keyboard.h">
      <Filter>Source Files\Input</Filter>
    </ClInclude>
    <ClInclude Include="src\Balance.h">
      <Filter>Source Files\Balance</Filter>
    </ClInclude>
    <ClInclude Include="src\Font.h">
      <Filter>Source Files\Graphics</Filter>
    </ClInclude>
    <ClInclude Include="src\SoundResource.h">
      <Filter>Source Files\Resources</Filter>
    </ClInclude>
    <ClInclude Include="src\Sound.h">
      <Filter>Source Files\Sound</Filter>
    </ClInclude>
    <ClInclude Include="src\Profile.h">
      <Filter>Source Files\Profile</Filter>
    </ClInclude>
    <ClInclude Include="src\Database.h">
      <Filter>Source Files\Balance</Filter>
    </ClInclude>
  </ItemGroup>
  <ItemGroup>
    <None Include="pkg\Application.pkg">
      <Filter>tolua++ Package Files</Filter>
    </None>
    <None Include="pkg\LuaBindings.pkg">
      <Filter>tolua++ Package Files</Filter>
    </None>
    <None Include="pkg\ResourceManager.pkg">
      <Filter>tolua++ Package Files</Filter>
    </None>
    <None Include="pkg\Graphics.pkg">
      <Filter>tolua++ Package Files</Filter>
    </None>
    <None Include="pkg\Sprite.pkg">
      <Filter>tolua++ Package Files</Filter>
    </None>
    <None Include="pkg\Mouse.pkg">
      <Filter>tolua++ Package Files</Filter>
    </None>
    <None Include="pkg\Keyboard.pkg">
      <Filter>tolua++ Package Files</Filter>
    </None>
    <None Include="pkg\ResourceQueue.pkg">
      <Filter>tolua++ Package Files</Filter>
    </None>
    <None Include="pkg\Balance.pkg">
      <Filter>tolua++ Package Files</Filter>
    </None>
    <None Include="pkg\Font.pkg">
      <Filter>tolua++ Package Files</Filter>
    </None>
    <None Include="pkg\Sound.pkg">
      <Filter>tolua++ Package Files</Filter>
    </None>
    <None Include="pkg\Profile.pkg">
      <Filter>tolua++ Package Files</Filter>
    </None>
    <None Include="pkg\Database.pkg">
      <Filter>tolua++ Package Files</Filter>
    </None>
  </ItemGroup>
</Project>